
Microsoft Visual Studio Solution File, Format Version 12.00
# Visual Studio 15
VisualStudioVersion = 15.0.26430.16
MinimumVisualStudioVersion = 10.0.40219.1
Project("{FAE04EC0-301F-11D3-BF4B-00C04F79EFBC}") = "Otimiza.Domain", "Otimiza.Domain\Otimiza.Domain.csproj", "{309F8F48-64C0-4621-AD4D-CBBDD01FE9A3}"
EndProject
Project("{FAE04EC0-301F-11D3-BF4B-00C04F79EFBC}") = "Otimiza.Infra", "Otimiza.Infra\Otimiza.Infra.csproj", "{CB150330-D29D-485E-9A01-4B9650AB71A1}"
EndProject
Project("{FAE04EC0-301F-11D3-BF4B-00C04F79EFBC}") = "Otimiza.Api", "Otimiza.Api\Otimiza.Api.csproj", "{9A6D8324-7F9C-4227-90FE-CBD67340EE04}"
EndProject
Global
	GlobalSection(SolutionConfigurationPlatforms) = preSolution
		Debug|Any CPU = Debug|Any CPU
		Release|Any CPU = Release|Any CPU
	EndGlobalSection
	GlobalSection(ProjectConfigurationPlatforms) = postSolution
		{309F8F48-64C0-4621-AD4D-CBBDD01FE9A3}.Debug|Any CPU.ActiveCfg = Debug|Any CPU
		{309F8F48-64C0-4621-AD4D-CBBDD01FE9A3}.Debug|Any CPU.Build.0 = Debug|Any CPU
		{309F8F48-64C0-4621-AD4D-CBBDD01FE9A3}.Release|Any CPU.ActiveCfg = Release|Any CPU
		{309F8F48-64C0-4621-AD4D-CBBDD01FE9A3}.Release|Any CPU.Build.0 = Release|Any CPU
		{CB150330-D29D-485E-9A01-4B9650AB71A1}.Debug|Any CPU.ActiveCfg = Debug|Any CPU
		{CB150330-D29D-485E-9A01-4B9650AB71A1}.Debug|Any CPU.Build.0 = Debug|Any CPU
		{CB150330-D29D-485E-9A01-4B9650AB71A1}.Release|Any CPU.ActiveCfg = Release|Any CPU
		{CB150330-D29D-485E-9A01-4B9650AB71A1}.Release|Any CPU.Build.0 = Release|Any CPU
		{9A6D8324-7F9C-4227-90FE-CBD67340EE04}.Debug|Any CPU.ActiveCfg = Debug|Any CPU
		{9A6D8324-7F9C-4227-90FE-CBD67340EE04}.Debug|Any CPU.Build.0 = Debug|Any CPU
		{9A6D8324-7F9C-4227-90FE-CBD67340EE04}.Release|Any CPU.ActiveCfg = Release|Any CPU
		{9A6D8324-7F9C-4227-90FE-CBD67340EE04}.Release|Any CPU.Build.0 = Release|Any CPU
	EndGlobalSection
	GlobalSection(SolutionProperties) = preSolution
		HideSolutionNode = FALSE
	EndGlobalSection
EndGlobal
